{
  "name": "01-aws",
  "lockfileVersion": 3,
  "requires": true,
  "packages": {
    "": {
      "dependencies": {
        "socket-enums-shaharsolllllll": "^1.0.0"
      }
    },
    "node_modules/socket-enums-shaharsolllllll": {
      "version": "1.0.0",
      "resolved": "https://registry.npmjs.org/socket-enums-shaharsolllllll/-/socket-enums-shaharsolllllll-1.0.0.tgz",
      "integrity": "sha512-+Yo3izre2SmYKCzC6ZV6WzyNeaMjYdLfatY+AYAOc9XQyarkvH6yKL4FfDgPt2idMxeGpTds+QRed0nuIzGpvw==",
      "license": "ISC"
    }
  }
}
